
Microsoft Visual Studio Solution File, Format Version 12.00
# Visual Studio 15
VisualStudioVersion = 15.0.26124.0
MinimumVisualStudioVersion = 15.0.26124.0
Project("{FAE04EC0-301F-11D3-BF4B-00C04F79EFBC}") = "TaskEditor", "TaskEditor\TaskEditor.csproj", "{5279D487-59FA-4D01-9D7A-EA7387D8B67C}"
EndProject
Project("{9A19103F-16F7-4668-BE54-9A1E7A4F7556}") = "TaskService", "TaskService\TaskService.csproj", "{88287CCD-5ED3-41BB-8DAC-47B7408E27E8}"
EndProject
Project("{FAE04EC0-301F-11D3-BF4B-00C04F79EFBC}") = "TaskSchedulerMockup", "TaskSchedulerMockup\TaskSchedulerMockup.csproj", "{E9B8220B-6104-4FB2-BE74-18562ED032B7}"
EndProject
Global
	GlobalSection(SolutionConfigurationPlatforms) = preSolution
		Debug|Any CPU = Debug|Any CPU
		Debug|x64 = Debug|x64
		Debug|x86 = Debug|x86
		Release|Any CPU = Release|Any CPU
		Release|x64 = Release|x64
		Release|x86 = Release|x86
	EndGlobalSection
	GlobalSection(ProjectConfigurationPlatforms) = postSolution
		{5279D487-59FA-4D01-9D7A-EA7387D8B67C}.Debug|Any CPU.ActiveCfg = Debug|Any CPU
		{5279D487-59FA-4D01-9D7A-EA7387D8B67C}.Debug|Any CPU.Build.0 = Debug|Any CPU
		{5279D487-59FA-4D01-9D7A-EA7387D8B67C}.Debug|x64.ActiveCfg = Debug|Any CPU
		{5279D487-59FA-4D01-9D7A-EA7387D8B67C}.Debug|x64.Build.0 = Debug|Any CPU
		{5279D487-59FA-4D01-9D7A-EA7387D8B67C}.Debug|x86.ActiveCfg = Debug|Any CPU
		{5279D487-59FA-4D01-9D7A-EA7387D8B67C}.Debug|x86.Build.0 = Debug|Any CPU
		{5279D487-59FA-4D01-9D7A-EA7387D8B67C}.Release|Any CPU.ActiveCfg = Release|Any CPU
		{5279D487-59FA-4D01-9D7A-EA7387D8B67C}.Release|Any CPU.Build.0 = Release|Any CPU
		{5279D487-59FA-4D01-9D7A-EA7387D8B67C}.Release|x64.ActiveCfg = Release|Any CPU
		{5279D487-59FA-4D01-9D7A-EA7387D8B67C}.Release|x64.Build.0 = Release|Any CPU
		{5279D487-59FA-4D01-9D7A-EA7387D8B67C}.Release|x86.ActiveCfg = Release|Any CPU
		{5279D487-59FA-4D01-9D7A-EA7387D8B67C}.Release|x86.Build.0 = Release|Any CPU
		{88287CCD-5ED3-41BB-8DAC-47B7408E27E8}.Debug|Any CPU.ActiveCfg = Debug|Any CPU
		{88287CCD-5ED3-41BB-8DAC-47B7408E27E8}.Debug|Any CPU.Build.0 = Debug|Any CPU
		{88287CCD-5ED3-41BB-8DAC-47B7408E27E8}.Debug|x64.ActiveCfg = Debug|Any CPU
		{88287CCD-5ED3-41BB-8DAC-47B7408E27E8}.Debug|x64.Build.0 = Debug|Any CPU
		{88287CCD-5ED3-41BB-8DAC-47B7408E27E8}.Debug|x86.ActiveCfg = Debug|Any CPU
		{88287CCD-5ED3-41BB-8DAC-47B7408E27E8}.Debug|x86.Build.0 = Debug|Any CPU
		{88287CCD-5ED3-41BB-8DAC-47B7408E27E8}.Release|Any CPU.ActiveCfg = Release|Any CPU
		{88287CCD-5ED3-41BB-8DAC-47B7408E27E8}.Release|Any CPU.Build.0 = Release|Any CPU
		{88287CCD-5ED3-41BB-8DAC-47B7408E27E8}.Release|x64.ActiveCfg = Release|Any CPU
		{88287CCD-5ED3-41BB-8DAC-47B7408E27E8}.Release|x64.Build.0 = Release|Any CPU
		{88287CCD-5ED3-41BB-8DAC-47B7408E27E8}.Release|x86.ActiveCfg = Release|Any CPU
		{88287CCD-5ED3-41BB-8DAC-47B7408E27E8}.Release|x86.Build.0 = Release|Any CPU
		{E9B8220B-6104-4FB2-BE74-18562ED032B7}.Debug|Any CPU.ActiveCfg = Debug|Any CPU
		{E9B8220B-6104-4FB2-BE74-18562ED032B7}.Debug|Any CPU.Build.0 = Debug|Any CPU
		{E9B8220B-6104-4FB2-BE74-18562ED032B7}.Debug|x64.ActiveCfg = Debug|Any CPU
		{E9B8220B-6104-4FB2-BE74-18562ED032B7}.Debug|x64.Build.0 = Debug|Any CPU
		{E9B8220B-6104-4FB2-BE74-18562ED032B7}.Debug|x86.ActiveCfg = Debug|Any CPU
		{E9B8220B-6104-4FB2-BE74-18562ED032B7}.Debug|x86.Build.0 = Debug|Any CPU
		{E9B8220B-6104-4FB2-BE74-18562ED032B7}.Release|Any CPU.ActiveCfg = Release|Any CPU
		{E9B8220B-6104-4FB2-BE74-18562ED032B7}.Release|Any CPU.Build.0 = Release|Any CPU
		{E9B8220B-6104-4FB2-BE74-18562ED032B7}.Release|x64.ActiveCfg = Release|Any CPU
		{E9B8220B-6104-4FB2-BE74-18562ED032B7}.Release|x64.Build.0 = Release|Any CPU
		{E9B8220B-6104-4FB2-BE74-18562ED032B7}.Release|x86.ActiveCfg = Release|Any CPU
		{E9B8220B-6104-4FB2-BE74-18562ED032B7}.Release|x86.Build.0 = Release|Any CPU
	EndGlobalSection
	GlobalSection(SolutionProperties) = preSolution
		HideSolutionNode = FALSE
	EndGlobalSection
	GlobalSection(ExtensibilityGlobals) = postSolution
		SolutionGuid = {3FEEBDA3-EF6D-45BD-A812-B6955D8AE41A}
	EndGlobalSection
EndGlobal
